Microsoft Visual Studio Solution File, Format Version 11.00
# Visual Studio 2008

Project("{042F6573-28F9-3313-1B43-BA5C39D2BC0B}") = "Lageano Simulator", "Assembly-CSharp.csproj", "{4AC168C1-9F14-1FA7-C470-6145B107C139}"
EndProject
Global
	GlobalSection(SolutionConfigurationPlatforms) = preSolution
		Debug|Any CPU = Debug|Any CPU
		Release|Any CPU = Release|Any CPU
	EndGlobalSection
	GlobalSection(ProjectConfigurationPlatforms) = postSolution
		{4AC168C1-9F14-1FA7-C470-6145B107C139}.Debug|Any CPU.ActiveCfg = Debug|Any CPU
		{4AC168C1-9F14-1FA7-C470-6145B107C139}.Debug|Any CPU.Build.0 = Debug|Any CPU
		{4AC168C1-9F14-1FA7-C470-6145B107C139}.Release|Any CPU.ActiveCfg = Release|Any CPU
		{4AC168C1-9F14-1FA7-C470-6145B107C139}.Release|Any CPU.Build.0 = Release|Any CPU
	EndGlobalSection
	GlobalSection(SolutionProperties) = preSolution
		HideSolutionNode = FALSE
	EndGlobalSection
	GlobalSection(MonoDevelopProperties) = preSolution
		StartupItem = Assembly-CSharp.csproj
	EndGlobalSection
EndGlobal
